
Microsoft Visual Studio Solution File, Format Version 12.00
# Visual Studio Version 16
VisualStudioVersion = 16.0.33027.164
MinimumVisualStudioVersion = 10.0.40219.1
Project("{FAE04EC0-301F-11D3-BF4B-00C04F79EFBC}") = "Book", "Book\Book.csproj", "{C129FD73-C548-4588-965D-18164F1A9697}"
EndProject
Global
	GlobalSection(SolutionConfigurationPlatforms) = preSolution
		Debug|Any CPU = Debug|Any CPU
		Release|Any CPU = Release|Any CPU
	EndGlobalSection
	GlobalSection(ProjectConfigurationPlatforms) = postSolution
		{C129FD73-C548-4588-965D-18164F1A9697}.Debug|Any CPU.ActiveCfg = Debug|Any CPU
		{C129FD73-C548-4588-965D-18164F1A9697}.Debug|Any CPU.Build.0 = Debug|Any CPU
		{C129FD73-C548-4588-965D-18164F1A9697}.Release|Any CPU.ActiveCfg = Release|Any CPU
		{C129FD73-C548-4588-965D-18164F1A9697}.Release|Any CPU.Build.0 = Release|Any CPU
	EndGlobalSection
	GlobalSection(SolutionProperties) = preSolution
		HideSolutionNode = FALSE
	EndGlobalSection
	GlobalSection(ExtensibilityGlobals) = postSolution
		SolutionGuid = {186EFF53-A22D-47CC-A997-C67E07FBA909}
	EndGlobalSection
EndGlobal
